
Microsoft Visual Studio Solution File, Format Version 12.00
# Visual Studio 15
VisualStudioVersion = 15.0.26228.4
MinimumVisualStudioVersion = 10.0.40219.1
Project("{2150E333-8FDC-42A3-9474-1A3956D46DE8}") = "1. Layers", "1. Layers", "{39571D6E-DA10-41AF-B446-E1B5696EBB49}"
EndProject
Project("{2150E333-8FDC-42A3-9474-1A3956D46DE8}") = "1.2. Distributed Services", "1.2. Distributed Services", "{E15447D5-5AE6-4008-8925-1C85F7364D94}"
EndProject
Project("{2150E333-8FDC-42A3-9474-1A3956D46DE8}") = "1.3. Application", "1.3. Application", "{52B18FAF-A9AD-4B71-9572-C0B1A72731A5}"
EndProject
Project("{2150E333-8FDC-42A3-9474-1A3956D46DE8}") = "1.4. Domain", "1.4. Domain", "{43071826-2BA1-4DA3-A677-E0C177B1360E}"
EndProject
Project("{2150E333-8FDC-42A3-9474-1A3956D46DE8}") = "1.5. Infrastructure", "1.5. Infrastructure", "{B9F2E38B-8D1E-4B66-B782-8D9426CB38AF}"
EndProject
Project("{2150E333-8FDC-42A3-9474-1A3956D46DE8}") = "1.6. Cross Cutting", "1.6. Cross Cutting", "{E182811B-0562-4E38-9174-AC83EF914230}"
EndProject
Project("{2150E333-8FDC-42A3-9474-1A3956D46DE8}") = "1.6.1. Security", "1.6.1. Security", "{A07A9BA8-5155-4EAB-AAB6-CD5559529C5F}"
EndProject
Project("{2150E333-8FDC-42A3-9474-1A3956D46DE8}") = "1.6.2. Logging", "1.6.2. Logging", "{BCC5B7BA-A4D5-4628-BCE2-71D3CAD833F3}"
EndProject
Project("{FAE04EC0-301F-11D3-BF4B-00C04F79EFBC}") = "CrossCutting.Logging.LoggerEvent", "CrossCutting.Logging.LoggerEvent\CrossCutting.Logging.LoggerEvent.csproj", "{F67B8F88-5646-4D20-AA92-405F96C46A51}"
EndProject
Project("{FAE04EC0-301F-11D3-BF4B-00C04F79EFBC}") = "CrossCutting.Security.AuthenticationAPI", "CrossCutting.Security.AuthenticationAPI\CrossCutting.Security.AuthenticationAPI.csproj", "{658DD6A8-5AF3-4EC3-831F-4250948831FC}"
EndProject
Project("{2150E333-8FDC-42A3-9474-1A3956D46DE8}") = "1.5.1. Core", "1.5.1. Core", "{0E93CE13-1203-46DD-BA8B-439F71DCCA26}"
EndProject
Project("{2150E333-8FDC-42A3-9474-1A3956D46DE8}") = "1.5.2. MainModule", "1.5.2. MainModule", "{07E676B3-01FF-4D75-9036-324A00D40D7B}"
EndProject
Project("{2150E333-8FDC-42A3-9474-1A3956D46DE8}") = "1.4.1. Core", "1.4.1. Core", "{86A1F265-8B41-4546-9402-D966E37BEEB9}"
EndProject
Project("{2150E333-8FDC-42A3-9474-1A3956D46DE8}") = "1.4.2. MainModule", "1.4.2. MainModule", "{57E4B470-B088-408E-8FB3-4964F0930300}"
EndProject
Project("{FAE04EC0-301F-11D3-BF4B-00C04F79EFBC}") = "Domain.Core", "Domain.Core\Domain.Core.csproj", "{2A14BC28-FB7B-4392-A4E6-8CA139B8A82A}"
EndProject
Project("{FAE04EC0-301F-11D3-BF4B-00C04F79EFBC}") = "Infrastructure.Core", "Infrastructure.Core\Infrastructure.Core.csproj", "{D270B6E3-C233-461B-937E-07FABFD89281}"
EndProject
Project("{FAE04EC0-301F-11D3-BF4B-00C04F79EFBC}") = "Domain.MainModule", "Domain.MainModule\Domain.MainModule.csproj", "{B86CA14A-4A48-48A3-AF93-2227A978C0C6}"
EndProject
Project("{FAE04EC0-301F-11D3-BF4B-00C04F79EFBC}") = "Domain.MainModule.Entities", "Domain.MainModule.Entities\Domain.MainModule.Entities.csproj", "{CA7F8856-72D9-4504-BF8A-2AA6AC667BA7}"
EndProject
Project("{FAE04EC0-301F-11D3-BF4B-00C04F79EFBC}") = "Infrastructure.MainModule", "Infrastructure.MainModule\Infrastructure.MainModule.csproj", "{61387378-9276-4040-93DA-A3370D5FB555}"
EndProject
Project("{2150E333-8FDC-42A3-9474-1A3956D46DE8}") = "1.3.1. Core", "1.3.1. Core", "{2003E791-E5DB-4B7A-8A94-13026AA54B92}"
EndProject
Project("{2150E333-8FDC-42A3-9474-1A3956D46DE8}") = "1.3.2. MainModule", "1.3.2. MainModule", "{822CCC16-F039-4374-89FA-132AE7786F2D}"
EndProject
Project("{FAE04EC0-301F-11D3-BF4B-00C04F79EFBC}") = "Application.Core", "Application.Core\Application.Core.csproj", "{1ACE5280-1642-477A-87DF-C7F32E11D76E}"
EndProject
Project("{FAE04EC0-301F-11D3-BF4B-00C04F79EFBC}") = "Application.MainModule", "Application.MainModule\Application.MainModule.csproj", "{8BE6CCBF-5D27-40EC-8526-CE39993E2F13}"
EndProject
Project("{2150E333-8FDC-42A3-9474-1A3956D46DE8}") = "1.2.1. WebApi", "1.2.1. WebApi", "{2C88AD33-6F76-4628-B162-720AE92788BE}"
EndProject
Project("{FAE04EC0-301F-11D3-BF4B-00C04F79EFBC}") = "DistributedServices.WebApi.MainModule", "DistributedServices.WebApi.MainModule\DistributedServices.WebApi.MainModule.csproj", "{50690743-8FBF-4735-9289-10234496B30D}"
EndProject
Global
	GlobalSection(SolutionConfigurationPlatforms) = preSolution
		Debug|Any CPU = Debug|Any CPU
		Release|Any CPU = Release|Any CPU
	EndGlobalSection
	GlobalSection(ProjectConfigurationPlatforms) = postSolution
		{F67B8F88-5646-4D20-AA92-405F96C46A51}.Debug|Any CPU.ActiveCfg = Debug|Any CPU
		{F67B8F88-5646-4D20-AA92-405F96C46A51}.Debug|Any CPU.Build.0 = Debug|Any CPU
		{F67B8F88-5646-4D20-AA92-405F96C46A51}.Release|Any CPU.ActiveCfg = Release|Any CPU
		{F67B8F88-5646-4D20-AA92-405F96C46A51}.Release|Any CPU.Build.0 = Release|Any CPU
		{658DD6A8-5AF3-4EC3-831F-4250948831FC}.Debug|Any CPU.ActiveCfg = Debug|Any CPU
		{658DD6A8-5AF3-4EC3-831F-4250948831FC}.Debug|Any CPU.Build.0 = Debug|Any CPU
		{658DD6A8-5AF3-4EC3-831F-4250948831FC}.Release|Any CPU.ActiveCfg = Release|Any CPU
		{658DD6A8-5AF3-4EC3-831F-4250948831FC}.Release|Any CPU.Build.0 = Release|Any CPU
		{2A14BC28-FB7B-4392-A4E6-8CA139B8A82A}.Debug|Any CPU.ActiveCfg = Debug|Any CPU
		{2A14BC28-FB7B-4392-A4E6-8CA139B8A82A}.Debug|Any CPU.Build.0 = Debug|Any CPU
		{2A14BC28-FB7B-4392-A4E6-8CA139B8A82A}.Release|Any CPU.ActiveCfg = Release|Any CPU
		{2A14BC28-FB7B-4392-A4E6-8CA139B8A82A}.Release|Any CPU.Build.0 = Release|Any CPU
		{D270B6E3-C233-461B-937E-07FABFD89281}.Debug|Any CPU.ActiveCfg = Debug|Any CPU
		{D270B6E3-C233-461B-937E-07FABFD89281}.Debug|Any CPU.Build.0 = Debug|Any CPU
		{D270B6E3-C233-461B-937E-07FABFD89281}.Release|Any CPU.ActiveCfg = Release|Any CPU
		{D270B6E3-C233-461B-937E-07FABFD89281}.Release|Any CPU.Build.0 = Release|Any CPU
		{B86CA14A-4A48-48A3-AF93-2227A978C0C6}.Debug|Any CPU.ActiveCfg = Debug|Any CPU
		{B86CA14A-4A48-48A3-AF93-2227A978C0C6}.Debug|Any CPU.Build.0 = Debug|Any CPU
		{B86CA14A-4A48-48A3-AF93-2227A978C0C6}.Release|Any CPU.ActiveCfg = Release|Any CPU
		{B86CA14A-4A48-48A3-AF93-2227A978C0C6}.Release|Any CPU.Build.0 = Release|Any CPU
		{CA7F8856-72D9-4504-BF8A-2AA6AC667BA7}.Debug|Any CPU.ActiveCfg = Debug|Any CPU
		{CA7F8856-72D9-4504-BF8A-2AA6AC667BA7}.Debug|Any CPU.Build.0 = Debug|Any CPU
		{CA7F8856-72D9-4504-BF8A-2AA6AC667BA7}.Release|Any CPU.ActiveCfg = Release|Any CPU
		{CA7F8856-72D9-4504-BF8A-2AA6AC667BA7}.Release|Any CPU.Build.0 = Release|Any CPU
		{61387378-9276-4040-93DA-A3370D5FB555}.Debug|Any CPU.ActiveCfg = Debug|Any CPU
		{61387378-9276-4040-93DA-A3370D5FB555}.Debug|Any CPU.Build.0 = Debug|Any CPU
		{61387378-9276-4040-93DA-A3370D5FB555}.Release|Any CPU.ActiveCfg = Release|Any CPU
		{61387378-9276-4040-93DA-A3370D5FB555}.Release|Any CPU.Build.0 = Release|Any CPU
		{1ACE5280-1642-477A-87DF-C7F32E11D76E}.Debug|Any CPU.ActiveCfg = Debug|Any CPU
		{1ACE5280-1642-477A-87DF-C7F32E11D76E}.Debug|Any CPU.Build.0 = Debug|Any CPU
		{1ACE5280-1642-477A-87DF-C7F32E11D76E}.Release|Any CPU.ActiveCfg = Release|Any CPU
		{1ACE5280-1642-477A-87DF-C7F32E11D76E}.Release|Any CPU.Build.0 = Release|Any CPU
		{8BE6CCBF-5D27-40EC-8526-CE39993E2F13}.Debug|Any CPU.ActiveCfg = Debug|Any CPU
		{8BE6CCBF-5D27-40EC-8526-CE39993E2F13}.Debug|Any CPU.Build.0 = Debug|Any CPU
		{8BE6CCBF-5D27-40EC-8526-CE39993E2F13}.Release|Any CPU.ActiveCfg = Release|Any CPU
		{8BE6CCBF-5D27-40EC-8526-CE39993E2F13}.Release|Any CPU.Build.0 = Release|Any CPU
		{50690743-8FBF-4735-9289-10234496B30D}.Debug|Any CPU.ActiveCfg = Debug|Any CPU
		{50690743-8FBF-4735-9289-10234496B30D}.Debug|Any CPU.Build.0 = Debug|Any CPU
		{50690743-8FBF-4735-9289-10234496B30D}.Release|Any CPU.ActiveCfg = Release|Any CPU
		{50690743-8FBF-4735-9289-10234496B30D}.Release|Any CPU.Build.0 = Release|Any CPU
	EndGlobalSection
	GlobalSection(SolutionProperties) = preSolution
		HideSolutionNode = FALSE
	EndGlobalSection
	GlobalSection(NestedProjects) = preSolution
		{E15447D5-5AE6-4008-8925-1C85F7364D94} = {39571D6E-DA10-41AF-B446-E1B5696EBB49}
		{52B18FAF-A9AD-4B71-9572-C0B1A72731A5} = {39571D6E-DA10-41AF-B446-E1B5696EBB49}
		{43071826-2BA1-4DA3-A677-E0C177B1360E} = {39571D6E-DA10-41AF-B446-E1B5696EBB49}
		{B9F2E38B-8D1E-4B66-B782-8D9426CB38AF} = {39571D6E-DA10-41AF-B446-E1B5696EBB49}
		{E182811B-0562-4E38-9174-AC83EF914230} = {39571D6E-DA10-41AF-B446-E1B5696EBB49}
		{A07A9BA8-5155-4EAB-AAB6-CD5559529C5F} = {E182811B-0562-4E38-9174-AC83EF914230}
		{BCC5B7BA-A4D5-4628-BCE2-71D3CAD833F3} = {E182811B-0562-4E38-9174-AC83EF914230}
		{F67B8F88-5646-4D20-AA92-405F96C46A51} = {BCC5B7BA-A4D5-4628-BCE2-71D3CAD833F3}
		{658DD6A8-5AF3-4EC3-831F-4250948831FC} = {A07A9BA8-5155-4EAB-AAB6-CD5559529C5F}
		{0E93CE13-1203-46DD-BA8B-439F71DCCA26} = {B9F2E38B-8D1E-4B66-B782-8D9426CB38AF}
		{07E676B3-01FF-4D75-9036-324A00D40D7B} = {B9F2E38B-8D1E-4B66-B782-8D9426CB38AF}
		{86A1F265-8B41-4546-9402-D966E37BEEB9} = {43071826-2BA1-4DA3-A677-E0C177B1360E}
		{57E4B470-B088-408E-8FB3-4964F0930300} = {43071826-2BA1-4DA3-A677-E0C177B1360E}
		{2A14BC28-FB7B-4392-A4E6-8CA139B8A82A} = {86A1F265-8B41-4546-9402-D966E37BEEB9}
		{D270B6E3-C233-461B-937E-07FABFD89281} = {0E93CE13-1203-46DD-BA8B-439F71DCCA26}
		{B86CA14A-4A48-48A3-AF93-2227A978C0C6} = {57E4B470-B088-408E-8FB3-4964F0930300}
		{CA7F8856-72D9-4504-BF8A-2AA6AC667BA7} = {57E4B470-B088-408E-8FB3-4964F0930300}
		{61387378-9276-4040-93DA-A3370D5FB555} = {07E676B3-01FF-4D75-9036-324A00D40D7B}
		{2003E791-E5DB-4B7A-8A94-13026AA54B92} = {52B18FAF-A9AD-4B71-9572-C0B1A72731A5}
		{822CCC16-F039-4374-89FA-132AE7786F2D} = {52B18FAF-A9AD-4B71-9572-C0B1A72731A5}
		{1ACE5280-1642-477A-87DF-C7F32E11D76E} = {2003E791-E5DB-4B7A-8A94-13026AA54B92}
		{8BE6CCBF-5D27-40EC-8526-CE39993E2F13} = {822CCC16-F039-4374-89FA-132AE7786F2D}
		{2C88AD33-6F76-4628-B162-720AE92788BE} = {E15447D5-5AE6-4008-8925-1C85F7364D94}
		{50690743-8FBF-4735-9289-10234496B30D} = {2C88AD33-6F76-4628-B162-720AE92788BE}
	EndGlobalSection
EndGlobal
